
Microsoft Visual Studio Solution File, Format Version 12.00
# Visual Studio Version 16
VisualStudioVersion = 16.0.29326.143
MinimumVisualStudioVersion = 10.0.40219.1
Project("{FAE04EC0-301F-11D3-BF4B-00C04F79EFBC}") = "SlotokingNew", "SlotokingNew\SlotokingNew.csproj", "{E8F131F8-F799-49B5-AFDF-EC000E0CEE5F}"
EndProject
Global
	GlobalSection(SolutionConfigurationPlatforms) = preSolution
		Debug|Any CPU = Debug|Any CPU
		Release|Any CPU = Release|Any CPU
	EndGlobalSection
	GlobalSection(ProjectConfigurationPlatforms) = postSolution
		{E8F131F8-F799-49B5-AFDF-EC000E0CEE5F}.Debug|Any CPU.ActiveCfg = Debug|Any CPU
		{E8F131F8-F799-49B5-AFDF-EC000E0CEE5F}.Debug|Any CPU.Build.0 = Debug|Any CPU
		{E8F131F8-F799-49B5-AFDF-EC000E0CEE5F}.Release|Any CPU.ActiveCfg = Release|Any CPU
		{E8F131F8-F799-49B5-AFDF-EC000E0CEE5F}.Release|Any CPU.Build.0 = Release|Any CPU
	EndGlobalSection
	GlobalSection(SolutionProperties) = preSolution
		HideSolutionNode = FALSE
	EndGlobalSection
	GlobalSection(ExtensibilityGlobals) = postSolution
		SolutionGuid = {9F058A72-0F1E-49E3-9844-BB2C60F72047}
	EndGlobalSection
EndGlobal
